
Microsoft Visual Studio Solution File, Format Version 12.00
# Visual Studio Version 17
VisualStudioVersion = 17.9.34902.65
MinimumVisualStudioVersion = 10.0.40219.1
Project("{2150E333-8FDC-42A3-9474-1A3956D46DE8}") = "src", "src", "{0A12C85A-05B1-4278-B582-D6C198CABCB1}"
EndProject
Project("{2150E333-8FDC-42A3-9474-1A3956D46DE8}") = "BackEnd", "BackEnd", "{F7AF5ADB-AF49-4FFE-A9AE-DF55E86992F8}"
EndProject
Project("{2150E333-8FDC-42A3-9474-1A3956D46DE8}") = "FrontEnd", "FrontEnd", "{AFCA182D-D864-4875-BEE9-1633C7A6833E}"
EndProject
Project("{2150E333-8FDC-42A3-9474-1A3956D46DE8}") = "Common", "Common", "{847AC07E-4F5D-4F52-B851-F67000CA7931}"
EndProject
Project("{2150E333-8FDC-42A3-9474-1A3956D46DE8}") = "Infrastructure", "Infrastructure", "{54C59A7D-BC7D-4C9F-ACF4-FBAF08AB10AC}"
EndProject
Project("{9A19103F-16F7-4668-BE54-9A1E7A4F7556}") = "BibliotecaArqMod.Common.Data", "BibliotecaArqMod.Common.Data\BibliotecaArqMod.Common.Data.csproj", "{37009E19-FF70-4E27-9806-D00E528CECB3}"
EndProject
Project("{9A19103F-16F7-4668-BE54-9A1E7A4F7556}") = "BibliotecaArqMod.Infrastructure", "BibliotecaArqMod.Infrastructure\BibliotecaArqMod.Infrastructure.csproj", "{47B2ACF8-5F4A-4CEA-B0A6-B05B2FE06FE2}"
EndProject
Project("{2150E333-8FDC-42A3-9474-1A3956D46DE8}") = "Modules", "Modules", "{21F15BE7-1EB1-4D61-BB4B-FD9396382DE3}"
EndProject
Project("{2150E333-8FDC-42A3-9474-1A3956D46DE8}") = "Entity Management", "Entity Management", "{030692ED-1D23-4BBE-8171-910CE5FCF94C}"
EndProject
Project("{2150E333-8FDC-42A3-9474-1A3956D46DE8}") = "APIS", "APIS", "{A50A94AC-226E-4BAF-AF97-C2281E9C465E}"
EndProject
Project("{2150E333-8FDC-42A3-9474-1A3956D46DE8}") = "Application", "Application", "{69E8FE7B-519E-4CAC-9FE6-F7565913F702}"
EndProject
Project("{2150E333-8FDC-42A3-9474-1A3956D46DE8}") = "Domain", "Domain", "{6D166A60-9262-4F8C-A8E8-3F6C9F994658}"
EndProject
Project("{2150E333-8FDC-42A3-9474-1A3956D46DE8}") = "Persistence", "Persistence", "{473CD947-7DC1-4D3B-AD41-A68BD392E9E4}"
EndProject
Project("{9A19103F-16F7-4668-BE54-9A1E7A4F7556}") = "BibliotecaArqMod.EP_Usuario.API", "BibliotecaArqMod.Entities.API\BibliotecaArqMod.EP_Usuario.API.csproj", "{4B7DB9E0-C51A-4E38-B14F-F89739AB7BBE}"
EndProject
Project("{9A19103F-16F7-4668-BE54-9A1E7A4F7556}") = "BibliotecaArqMod.EP_Usuario.Application", "BibliotecaArqMod.EP_Usuario.Application\BibliotecaArqMod.EP_Usuario.Application.csproj", "{CF5DE75C-8535-4919-978F-124BE040B6FB}"
EndProject
Project("{9A19103F-16F7-4668-BE54-9A1E7A4F7556}") = "BibliotecaArqMod.EP_Usuario.Domain", "BibliotecaArqMod.EP_Usuario.Domain\BibliotecaArqMod.EP_Usuario.Domain.csproj", "{6418E4CC-A401-4112-A840-0ACC43971309}"
EndProject
Project("{9A19103F-16F7-4668-BE54-9A1E7A4F7556}") = "BibliotecaArqMod.EP_Usuario.Persistence", "BibliotecaArqMod.EP_Usuario.Persistence\BibliotecaArqMod.EP_Usuario.Persistence.csproj", "{104B168D-7BAC-409D-B79C-BABE157B25B6}"
EndProject
Project("{2150E333-8FDC-42A3-9474-1A3956D46DE8}") = "IOC", "IOC", "{9BB38B82-F8AB-43D5-930F-0E2022956DC8}"
EndProject
Project("{9A19103F-16F7-4668-BE54-9A1E7A4F7556}") = "BibliotecaArqMod.EP_Usuario.IOC", "BibliotecaArqMod.EP_Usuario.IOC\BibliotecaArqMod.EP_Usuario.IOC.csproj", "{7EA5E3A8-9002-4567-BA67-EA2B4ED79900}"
EndProject
Global
	GlobalSection(SolutionConfigurationPlatforms) = preSolution
		Debug|Any CPU = Debug|Any CPU
		Release|Any CPU = Release|Any CPU
	EndGlobalSection
	GlobalSection(ProjectConfigurationPlatforms) = postSolution
		{37009E19-FF70-4E27-9806-D00E528CECB3}.Debug|Any CPU.ActiveCfg = Debug|Any CPU
		{37009E19-FF70-4E27-9806-D00E528CECB3}.Debug|Any CPU.Build.0 = Debug|Any CPU
		{37009E19-FF70-4E27-9806-D00E528CECB3}.Release|Any CPU.ActiveCfg = Release|Any CPU
		{37009E19-FF70-4E27-9806-D00E528CECB3}.Release|Any CPU.Build.0 = Release|Any CPU
		{47B2ACF8-5F4A-4CEA-B0A6-B05B2FE06FE2}.Debug|Any CPU.ActiveCfg = Debug|Any CPU
		{47B2ACF8-5F4A-4CEA-B0A6-B05B2FE06FE2}.Debug|Any CPU.Build.0 = Debug|Any CPU
		{47B2ACF8-5F4A-4CEA-B0A6-B05B2FE06FE2}.Release|Any CPU.ActiveCfg = Release|Any CPU
		{47B2ACF8-5F4A-4CEA-B0A6-B05B2FE06FE2}.Release|Any CPU.Build.0 = Release|Any CPU
		{4B7DB9E0-C51A-4E38-B14F-F89739AB7BBE}.Debug|Any CPU.ActiveCfg = Debug|Any CPU
		{4B7DB9E0-C51A-4E38-B14F-F89739AB7BBE}.Debug|Any CPU.Build.0 = Debug|Any CPU
		{4B7DB9E0-C51A-4E38-B14F-F89739AB7BBE}.Release|Any CPU.ActiveCfg = Release|Any CPU
		{4B7DB9E0-C51A-4E38-B14F-F89739AB7BBE}.Release|Any CPU.Build.0 = Release|Any CPU
		{CF5DE75C-8535-4919-978F-124BE040B6FB}.Debug|Any CPU.ActiveCfg = Debug|Any CPU
		{CF5DE75C-8535-4919-978F-124BE040B6FB}.Debug|Any CPU.Build.0 = Debug|Any CPU
		{CF5DE75C-8535-4919-978F-124BE040B6FB}.Release|Any CPU.ActiveCfg = Release|Any CPU
		{CF5DE75C-8535-4919-978F-124BE040B6FB}.Release|Any CPU.Build.0 = Release|Any CPU
		{6418E4CC-A401-4112-A840-0ACC43971309}.Debug|Any CPU.ActiveCfg = Debug|Any CPU
		{6418E4CC-A401-4112-A840-0ACC43971309}.Debug|Any CPU.Build.0 = Debug|Any CPU
		{6418E4CC-A401-4112-A840-0ACC43971309}.Release|Any CPU.ActiveCfg = Release|Any CPU
		{6418E4CC-A401-4112-A840-0ACC43971309}.Release|Any CPU.Build.0 = Release|Any CPU
		{104B168D-7BAC-409D-B79C-BABE157B25B6}.Debug|Any CPU.ActiveCfg = Debug|Any CPU
		{104B168D-7BAC-409D-B79C-BABE157B25B6}.Debug|Any CPU.Build.0 = Debug|Any CPU
		{104B168D-7BAC-409D-B79C-BABE157B25B6}.Release|Any CPU.ActiveCfg = Release|Any CPU
		{104B168D-7BAC-409D-B79C-BABE157B25B6}.Release|Any CPU.Build.0 = Release|Any CPU
		{7EA5E3A8-9002-4567-BA67-EA2B4ED79900}.Debug|Any CPU.ActiveCfg = Debug|Any CPU
		{7EA5E3A8-9002-4567-BA67-EA2B4ED79900}.Debug|Any CPU.Build.0 = Debug|Any CPU
		{7EA5E3A8-9002-4567-BA67-EA2B4ED79900}.Release|Any CPU.ActiveCfg = Release|Any CPU
		{7EA5E3A8-9002-4567-BA67-EA2B4ED79900}.Release|Any CPU.Build.0 = Release|Any CPU
	EndGlobalSection
	GlobalSection(SolutionProperties) = preSolution
		HideSolutionNode = FALSE
	EndGlobalSection
	GlobalSection(NestedProjects) = preSolution
		{F7AF5ADB-AF49-4FFE-A9AE-DF55E86992F8} = {0A12C85A-05B1-4278-B582-D6C198CABCB1}
		{AFCA182D-D864-4875-BEE9-1633C7A6833E} = {0A12C85A-05B1-4278-B582-D6C198CABCB1}
		{847AC07E-4F5D-4F52-B851-F67000CA7931} = {F7AF5ADB-AF49-4FFE-A9AE-DF55E86992F8}
		{54C59A7D-BC7D-4C9F-ACF4-FBAF08AB10AC} = {F7AF5ADB-AF49-4FFE-A9AE-DF55E86992F8}
		{37009E19-FF70-4E27-9806-D00E528CECB3} = {847AC07E-4F5D-4F52-B851-F67000CA7931}
		{47B2ACF8-5F4A-4CEA-B0A6-B05B2FE06FE2} = {54C59A7D-BC7D-4C9F-ACF4-FBAF08AB10AC}
		{21F15BE7-1EB1-4D61-BB4B-FD9396382DE3} = {F7AF5ADB-AF49-4FFE-A9AE-DF55E86992F8}
		{030692ED-1D23-4BBE-8171-910CE5FCF94C} = {21F15BE7-1EB1-4D61-BB4B-FD9396382DE3}
		{A50A94AC-226E-4BAF-AF97-C2281E9C465E} = {030692ED-1D23-4BBE-8171-910CE5FCF94C}
		{69E8FE7B-519E-4CAC-9FE6-F7565913F702} = {030692ED-1D23-4BBE-8171-910CE5FCF94C}
		{6D166A60-9262-4F8C-A8E8-3F6C9F994658} = {030692ED-1D23-4BBE-8171-910CE5FCF94C}
		{473CD947-7DC1-4D3B-AD41-A68BD392E9E4} = {030692ED-1D23-4BBE-8171-910CE5FCF94C}
		{4B7DB9E0-C51A-4E38-B14F-F89739AB7BBE} = {A50A94AC-226E-4BAF-AF97-C2281E9C465E}
		{CF5DE75C-8535-4919-978F-124BE040B6FB} = {69E8FE7B-519E-4CAC-9FE6-F7565913F702}
		{6418E4CC-A401-4112-A840-0ACC43971309} = {6D166A60-9262-4F8C-A8E8-3F6C9F994658}
		{104B168D-7BAC-409D-B79C-BABE157B25B6} = {473CD947-7DC1-4D3B-AD41-A68BD392E9E4}
		{9BB38B82-F8AB-43D5-930F-0E2022956DC8} = {030692ED-1D23-4BBE-8171-910CE5FCF94C}
		{7EA5E3A8-9002-4567-BA67-EA2B4ED79900} = {9BB38B82-F8AB-43D5-930F-0E2022956DC8}
	EndGlobalSection
	GlobalSection(ExtensibilityGlobals) = postSolution
		SolutionGuid = {E21528CD-ED3D-4C19-939B-BF421E745158}
	EndGlobalSection
EndGlobal
